Microsoft Visual Studio Solution File, Format Version 12.00
# Visual Studio Version 16
VisualStudioVersion = 16.0.28922.388
MinimumVisualStudioVersion = 10.0.40219.1
Project("{FAE04EC0-301F-11D3-BF4B-00C04F79EFBC}") = "FRTools.Web", "FRTools.Web\FRTools.Web.csproj", "{5687D887-1F84-41C7-8921-EF5BEC7D4FC8}"
EndProject
Project("{FAE04EC0-301F-11D3-BF4B-00C04F79EFBC}") = "FRTools.Data", "FRTools.Data\FRTools.Data.csproj", "{79570267-A759-4BE0-A466-17B3BAA67C03}"
EndProject
Project("{FAE04EC0-301F-11D3-BF4B-00C04F79EFBC}") = "FRTools.Discord", "FRTools.Discord\FRTools.Discord.csproj", "{FEF250C7-D806-4BC8-890F-740997B87714}"
EndProject
Project("{2150E333-8FDC-42A3-9474-1A3956D46DE8}") = "Solution Items", "Solution Items", "{717F4F05-C6A5-43BE-9C81-4B25A18B9955}"
	ProjectSection(SolutionItems) = preProject
		debug.config = debug.config
		DiscordMetadata.json = DiscordMetadata.json
		nuget.config = nuget.config
	EndProjectSection
EndProject
Project("{2150E333-8FDC-42A3-9474-1A3956D46DE8}") = "Micro Services", "Micro Services", "{6FF57E80-6712-4E3A-812A-4BE1D09285EB}"
EndProject
Project("{FAE04EC0-301F-11D3-BF4B-00C04F79EFBC}") = "FRTools.MS.DominanceChecker", "FRTools.MS.DominanceChecker\FRTools.MS.DominanceChecker.csproj", "{3B044F6D-41CE-4B14-8031-193D03B16E83}"
EndProject
Project("{FAE04EC0-301F-11D3-BF4B-00C04F79EFBC}") = "FRTools.Discord.Metadata", "FRTools.Discord.Metadata\FRTools.Discord.Metadata.csproj", "{C3D76C34-F2FB-4B34-8E1C-26D92EB24B2F}"
	ProjectSection(ProjectDependencies) = postProject
		{5687D887-1F84-41C7-8921-EF5BEC7D4FC8} = {5687D887-1F84-41C7-8921-EF5BEC7D4FC8}
		{FEF250C7-D806-4BC8-890F-740997B87714} = {FEF250C7-D806-4BC8-890F-740997B87714}
	EndProjectSection
EndProject
Project("{FAE04EC0-301F-11D3-BF4B-00C04F79EFBC}") = "FRTools.Common", "FRTools.Common\FRTools.Common.csproj", "{46FF50D2-FBAB-421E-BAC4-41533AF80A95}"
EndProject
Project("{FAE04EC0-301F-11D3-BF4B-00C04F79EFBC}") = "FRTools.MS.ItemFetcher", "FRTools.MS.ItemFetcher\FRTools.MS.ItemFetcher.csproj", "{98B50B6A-3DE3-4406-B64E-1E628BF40C19}"
EndProject
Project("{2150E333-8FDC-42A3-9474-1A3956D46DE8}") = "Discord.Net", "Discord.Net", "{15A16B8E-A528-4DEB-8F05-14AA0870C9E1}"
EndProject
Project("{9A19103F-16F7-4668-BE54-9A1E7A4F7556}") = "Discord.Net.Core", "Discord.Net\src\Discord.Net.Core\Discord.Net.Core.csproj", "{BD5A2F90-40F8-47CD-8F26-C4F2399190C1}"
EndProject
Project("{9A19103F-16F7-4668-BE54-9A1E7A4F7556}") = "Discord.Net.Commands", "Discord.Net\src\Discord.Net.Commands\Discord.Net.Commands.csproj", "{21DDE74A-537C-4822-938F-B9207EE0F949}"
EndProject
Project("{9A19103F-16F7-4668-BE54-9A1E7A4F7556}") = "Discord.Net.Webhook", "Discord.Net\src\Discord.Net.Webhook\Discord.Net.Webhook.csproj", "{7AC8E8E2-1F69-4C02-AD7C-720746F84457}"
EndProject
Project("{9A19103F-16F7-4668-BE54-9A1E7A4F7556}") = "Discord.Net.Rest", "Discord.Net\src\Discord.Net.Rest\Discord.Net.Rest.csproj", "{CE15A54A-B3F9-40CD-A6C2-6694FF3AF466}"
EndProject
Project("{9A19103F-16F7-4668-BE54-9A1E7A4F7556}") = "Discord.Net.WebSocket", "Discord.Net\src\Discord.Net.WebSocket\Discord.Net.WebSocket.csproj", "{FA78F6CA-9A40-4803-AF1E-87CA8330E6AE}"
EndProject
Project("{FAE04EC0-301F-11D3-BF4B-00C04F79EFBC}") = "FRTools.MS.FlashTracker", "FRTools.MS.FlashTracker\FRTools.MS.FlashTracker.csproj", "{3A36E78F-4324-4BDE-A313-4FDF6C071E70}"
EndProject
Project("{FAE04EC0-301F-11D3-BF4B-00C04F79EFBC}") = "FRTools.Tools.SkinTester", "FRTools.Tools.SkinTester\FRTools.Tools.SkinTester.csproj", "{57402622-763D-4A12-BF00-6EAC9770BF5C}"
EndProject
Project("{2150E333-8FDC-42A3-9474-1A3956D46DE8}") = "Tools", "Tools", "{F902D080-6C26-4417-AE77-4F056352511A}"
EndProject
Project("{FAE04EC0-301F-11D3-BF4B-00C04F79EFBC}") = "FRTools.MS.NewsReader", "FRTools.MS.NewsReader\FRTools.MS.NewsReader.csproj", "{979C29D0-FFB9-40A2-8DD5-ED75566326F8}"
EndProject
Global
	GlobalSection(SolutionConfigurationPlatforms) = preSolution
		Debug|Any CPU = Debug|Any CPU
		Release|Any CPU = Release|Any CPU
	EndGlobalSection
	GlobalSection(ProjectConfigurationPlatforms) = postSolution
		{5687D887-1F84-41C7-8921-EF5BEC7D4FC8}.Debug|Any CPU.ActiveCfg = Debug|Any CPU
		{5687D887-1F84-41C7-8921-EF5BEC7D4FC8}.Debug|Any CPU.Build.0 = Debug|Any CPU
		{5687D887-1F84-41C7-8921-EF5BEC7D4FC8}.Release|Any CPU.ActiveCfg = Release|Any CPU
		{5687D887-1F84-41C7-8921-EF5BEC7D4FC8}.Release|Any CPU.Build.0 = Release|Any CPU
		{79570267-A759-4BE0-A466-17B3BAA67C03}.Debug|Any CPU.ActiveCfg = Debug|Any CPU
		{79570267-A759-4BE0-A466-17B3BAA67C03}.Debug|Any CPU.Build.0 = Debug|Any CPU
		{79570267-A759-4BE0-A466-17B3BAA67C03}.Release|Any CPU.ActiveCfg = Release|Any CPU
		{79570267-A759-4BE0-A466-17B3BAA67C03}.Release|Any CPU.Build.0 = Release|Any CPU
		{FEF250C7-D806-4BC8-890F-740997B87714}.Debug|Any CPU.ActiveCfg = Debug|Any CPU
		{FEF250C7-D806-4BC8-890F-740997B87714}.Debug|Any CPU.Build.0 = Debug|Any CPU
		{FEF250C7-D806-4BC8-890F-740997B87714}.Release|Any CPU.ActiveCfg = Release|Any CPU
		{FEF250C7-D806-4BC8-890F-740997B87714}.Release|Any CPU.Build.0 = Release|Any CPU
		{3B044F6D-41CE-4B14-8031-193D03B16E83}.Debug|Any CPU.ActiveCfg = Debug|Any CPU
		{3B044F6D-41CE-4B14-8031-193D03B16E83}.Debug|Any CPU.Build.0 = Debug|Any CPU
		{3B044F6D-41CE-4B14-8031-193D03B16E83}.Release|Any CPU.ActiveCfg = Release|Any CPU
		{3B044F6D-41CE-4B14-8031-193D03B16E83}.Release|Any CPU.Build.0 = Release|Any CPU
		{C3D76C34-F2FB-4B34-8E1C-26D92EB24B2F}.Debug|Any CPU.ActiveCfg = Debug|Any CPU
		{C3D76C34-F2FB-4B34-8E1C-26D92EB24B2F}.Debug|Any CPU.Build.0 = Debug|Any CPU
		{C3D76C34-F2FB-4B34-8E1C-26D92EB24B2F}.Release|Any CPU.ActiveCfg = Release|Any CPU
		{C3D76C34-F2FB-4B34-8E1C-26D92EB24B2F}.Release|Any CPU.Build.0 = Release|Any CPU
		{46FF50D2-FBAB-421E-BAC4-41533AF80A95}.Debug|Any CPU.ActiveCfg = Debug|Any CPU
		{46FF50D2-FBAB-421E-BAC4-41533AF80A95}.Debug|Any CPU.Build.0 = Debug|Any CPU
		{46FF50D2-FBAB-421E-BAC4-41533AF80A95}.Release|Any CPU.ActiveCfg = Release|Any CPU
		{46FF50D2-FBAB-421E-BAC4-41533AF80A95}.Release|Any CPU.Build.0 = Release|Any CPU
		{98B50B6A-3DE3-4406-B64E-1E628BF40C19}.Debug|Any CPU.ActiveCfg = Debug|Any CPU
		{98B50B6A-3DE3-4406-B64E-1E628BF40C19}.Debug|Any CPU.Build.0 = Debug|Any CPU
		{98B50B6A-3DE3-4406-B64E-1E628BF40C19}.Release|Any CPU.ActiveCfg = Release|Any CPU
		{98B50B6A-3DE3-4406-B64E-1E628BF40C19}.Release|Any CPU.Build.0 = Release|Any CPU
		{BD5A2F90-40F8-47CD-8F26-C4F2399190C1}.Debug|Any CPU.ActiveCfg = Debug|Any CPU
		{BD5A2F90-40F8-47CD-8F26-C4F2399190C1}.Debug|Any CPU.Build.0 = Debug|Any CPU
		{BD5A2F90-40F8-47CD-8F26-C4F2399190C1}.Release|Any CPU.ActiveCfg = Release|Any CPU
		{BD5A2F90-40F8-47CD-8F26-C4F2399190C1}.Release|Any CPU.Build.0 = Release|Any CPU
		{21DDE74A-537C-4822-938F-B9207EE0F949}.Debug|Any CPU.ActiveCfg = Debug|Any CPU
		{21DDE74A-537C-4822-938F-B9207EE0F949}.Debug|Any CPU.Build.0 = Debug|Any CPU
		{21DDE74A-537C-4822-938F-B9207EE0F949}.Release|Any CPU.ActiveCfg = Release|Any CPU
		{21DDE74A-537C-4822-938F-B9207EE0F949}.Release|Any CPU.Build.0 = Release|Any CPU
		{7AC8E8E2-1F69-4C02-AD7C-720746F84457}.Debug|Any CPU.ActiveCfg = Debug|Any CPU
		{7AC8E8E2-1F69-4C02-AD7C-720746F84457}.Debug|Any CPU.Build.0 = Debug|Any CPU
		{7AC8E8E2-1F69-4C02-AD7C-720746F84457}.Release|Any CPU.ActiveCfg = Release|Any CPU
		{7AC8E8E2-1F69-4C02-AD7C-720746F84457}.Release|Any CPU.Build.0 = Release|Any CPU
		{CE15A54A-B3F9-40CD-A6C2-6694FF3AF466}.Debug|Any CPU.ActiveCfg = Debug|Any CPU
		{CE15A54A-B3F9-40CD-A6C2-6694FF3AF466}.Debug|Any CPU.Build.0 = Debug|Any CPU
		{CE15A54A-B3F9-40CD-A6C2-6694FF3AF466}.Release|Any CPU.ActiveCfg = Release|Any CPU
		{CE15A54A-B3F9-40CD-A6C2-6694FF3AF466}.Release|Any CPU.Build.0 = Release|Any CPU
		{FA78F6CA-9A40-4803-AF1E-87CA8330E6AE}.Debug|Any CPU.ActiveCfg = Debug|Any CPU
		{FA78F6CA-9A40-4803-AF1E-87CA8330E6AE}.Debug|Any CPU.Build.0 = Debug|Any CPU
		{FA78F6CA-9A40-4803-AF1E-87CA8330E6AE}.Release|Any CPU.ActiveCfg = Release|Any CPU
		{FA78F6CA-9A40-4803-AF1E-87CA8330E6AE}.Release|Any CPU.Build.0 = Release|Any CPU
		{3A36E78F-4324-4BDE-A313-4FDF6C071E70}.Debug|Any CPU.ActiveCfg = Debug|Any CPU
		{3A36E78F-4324-4BDE-A313-4FDF6C071E70}.Debug|Any CPU.Build.0 = Debug|Any CPU
		{3A36E78F-4324-4BDE-A313-4FDF6C071E70}.Release|Any CPU.ActiveCfg = Release|Any CPU
		{3A36E78F-4324-4BDE-A313-4FDF6C071E70}.Release|Any CPU.Build.0 = Release|Any CPU
		{57402622-763D-4A12-BF00-6EAC9770BF5C}.Debug|Any CPU.ActiveCfg = Debug|Any CPU
		{57402622-763D-4A12-BF00-6EAC9770BF5C}.Debug|Any CPU.Build.0 = Debug|Any CPU
		{57402622-763D-4A12-BF00-6EAC9770BF5C}.Release|Any CPU.ActiveCfg = Release|Any CPU
		{57402622-763D-4A12-BF00-6EAC9770BF5C}.Release|Any CPU.Build.0 = Release|Any CPU
		{979C29D0-FFB9-40A2-8DD5-ED75566326F8}.Debug|Any CPU.ActiveCfg = Debug|Any CPU
		{979C29D0-FFB9-40A2-8DD5-ED75566326F8}.Debug|Any CPU.Build.0 = Debug|Any CPU
		{979C29D0-FFB9-40A2-8DD5-ED75566326F8}.Release|Any CPU.ActiveCfg = Release|Any CPU
		{979C29D0-FFB9-40A2-8DD5-ED75566326F8}.Release|Any CPU.Build.0 = Release|Any CPU
	EndGlobalSection
	GlobalSection(SolutionProperties) = preSolution
		HideSolutionNode = FALSE
	EndGlobalSection
	GlobalSection(NestedProjects) = preSolution
		{3B044F6D-41CE-4B14-8031-193D03B16E83} = {6FF57E80-6712-4E3A-812A-4BE1D09285EB}
		{98B50B6A-3DE3-4406-B64E-1E628BF40C19} = {6FF57E80-6712-4E3A-812A-4BE1D09285EB}
		{BD5A2F90-40F8-47CD-8F26-C4F2399190C1} = {717F4F05-C6A5-43BE-9C81-4B25A18B9955}
		{21DDE74A-537C-4822-938F-B9207EE0F949} = {15A16B8E-A528-4DEB-8F05-14AA0870C9E1}
		{7AC8E8E2-1F69-4C02-AD7C-720746F84457} = {15A16B8E-A528-4DEB-8F05-14AA0870C9E1}
		{CE15A54A-B3F9-40CD-A6C2-6694FF3AF466} = {15A16B8E-A528-4DEB-8F05-14AA0870C9E1}
		{FA78F6CA-9A40-4803-AF1E-87CA8330E6AE} = {15A16B8E-A528-4DEB-8F05-14AA0870C9E1}
		{3A36E78F-4324-4BDE-A313-4FDF6C071E70} = {6FF57E80-6712-4E3A-812A-4BE1D09285EB}
		{57402622-763D-4A12-BF00-6EAC9770BF5C} = {F902D080-6C26-4417-AE77-4F056352511A}
		{979C29D0-FFB9-40A2-8DD5-ED75566326F8} = {6FF57E80-6712-4E3A-812A-4BE1D09285EB}
	EndGlobalSection
	GlobalSection(ExtensibilityGlobals) = postSolution
		SolutionGuid = {394695AE-5734-4F1A-96A2-774FEB7DF305}
	EndGlobalSection
EndGlobal
