Microsoft Visual Studio Solution File, Format Version 12.00
# Visual Studio Version 16
VisualStudioVersion = 16.0.28922.388
MinimumVisualStudioVersion = 10.0.40219.1
Project("{FAE04EC0-301F-11D3-BF4B-00C04F79EFBC}") = "FRTools.Web", "FRTools.Web\FRTools.Web.csproj", "{5687D887-1F84-41C7-8921-EF5BEC7D4FC8}"
	ProjectSection(ProjectDependencies) = postProject
		{C3D76C34-F2FB-4B34-8E1C-26D92EB24B2F} = {C3D76C34-F2FB-4B34-8E1C-26D92EB24B2F}
	EndProjectSection
EndProject
Project("{FAE04EC0-301F-11D3-BF4B-00C04F79EFBC}") = "FRTools.Data", "FRTools.Data\FRTools.Data.csproj", "{79570267-A759-4BE0-A466-17B3BAA67C03}"
EndProject
Project("{FAE04EC0-301F-11D3-BF4B-00C04F79EFBC}") = "FRTools.NewsReader", "FRTools.NewsReader\FRTools.NewsReader.csproj", "{4BBB2823-025F-4508-BFD6-5C3D5DEA5D2F}"
EndProject
Project("{FAE04EC0-301F-11D3-BF4B-00C04F79EFBC}") = "FRTools.Discord", "FRTools.Discord\FRTools.Discord.csproj", "{FEF250C7-D806-4BC8-890F-740997B87714}"
EndProject
Project("{2150E333-8FDC-42A3-9474-1A3956D46DE8}") = "Solution Items", "Solution Items", "{717F4F05-C6A5-43BE-9C81-4B25A18B9955}"
	ProjectSection(SolutionItems) = preProject
		DiscordMetadata.json = DiscordMetadata.json
		nuget.config = nuget.config
	EndProjectSection
EndProject
Project("{2150E333-8FDC-42A3-9474-1A3956D46DE8}") = "Micro Services", "Micro Services", "{6FF57E80-6712-4E3A-812A-4BE1D09285EB}"
EndProject
Project("{FAE04EC0-301F-11D3-BF4B-00C04F79EFBC}") = "FRTools.MS.DominanceChecker", "FRTools.MS.DominanceChecker\FRTools.MS.DominanceChecker.csproj", "{3B044F6D-41CE-4B14-8031-193D03B16E83}"
EndProject
Project("{FAE04EC0-301F-11D3-BF4B-00C04F79EFBC}") = "FRTools.Discord.Metadata", "FRTools.Discord.Metadata\FRTools.Discord.Metadata.csproj", "{C3D76C34-F2FB-4B34-8E1C-26D92EB24B2F}"
	ProjectSection(ProjectDependencies) = postProject
		{FEF250C7-D806-4BC8-890F-740997B87714} = {FEF250C7-D806-4BC8-890F-740997B87714}
	EndProjectSection
EndProject
Global
	GlobalSection(SolutionConfigurationPlatforms) = preSolution
		Debug|Any CPU = Debug|Any CPU
		Release|Any CPU = Release|Any CPU
	EndGlobalSection
	GlobalSection(ProjectConfigurationPlatforms) = postSolution
		{5687D887-1F84-41C7-8921-EF5BEC7D4FC8}.Debug|Any CPU.ActiveCfg = Debug|Any CPU
		{5687D887-1F84-41C7-8921-EF5BEC7D4FC8}.Debug|Any CPU.Build.0 = Debug|Any CPU
		{5687D887-1F84-41C7-8921-EF5BEC7D4FC8}.Release|Any CPU.ActiveCfg = Release|Any CPU
		{5687D887-1F84-41C7-8921-EF5BEC7D4FC8}.Release|Any CPU.Build.0 = Release|Any CPU
		{79570267-A759-4BE0-A466-17B3BAA67C03}.Debug|Any CPU.ActiveCfg = Debug|Any CPU
		{79570267-A759-4BE0-A466-17B3BAA67C03}.Debug|Any CPU.Build.0 = Debug|Any CPU
		{79570267-A759-4BE0-A466-17B3BAA67C03}.Release|Any CPU.ActiveCfg = Release|Any CPU
		{79570267-A759-4BE0-A466-17B3BAA67C03}.Release|Any CPU.Build.0 = Release|Any CPU
		{4BBB2823-025F-4508-BFD6-5C3D5DEA5D2F}.Debug|Any CPU.ActiveCfg = Debug|Any CPU
		{4BBB2823-025F-4508-BFD6-5C3D5DEA5D2F}.Debug|Any CPU.Build.0 = Debug|Any CPU
		{4BBB2823-025F-4508-BFD6-5C3D5DEA5D2F}.Release|Any CPU.ActiveCfg = Release|Any CPU
		{4BBB2823-025F-4508-BFD6-5C3D5DEA5D2F}.Release|Any CPU.Build.0 = Release|Any CPU
		{FEF250C7-D806-4BC8-890F-740997B87714}.Debug|Any CPU.ActiveCfg = Debug|Any CPU
		{FEF250C7-D806-4BC8-890F-740997B87714}.Debug|Any CPU.Build.0 = Debug|Any CPU
		{FEF250C7-D806-4BC8-890F-740997B87714}.Release|Any CPU.ActiveCfg = Release|Any CPU
		{FEF250C7-D806-4BC8-890F-740997B87714}.Release|Any CPU.Build.0 = Release|Any CPU
		{3B044F6D-41CE-4B14-8031-193D03B16E83}.Debug|Any CPU.ActiveCfg = Debug|Any CPU
		{3B044F6D-41CE-4B14-8031-193D03B16E83}.Debug|Any CPU.Build.0 = Debug|Any CPU
		{3B044F6D-41CE-4B14-8031-193D03B16E83}.Release|Any CPU.ActiveCfg = Release|Any CPU
		{3B044F6D-41CE-4B14-8031-193D03B16E83}.Release|Any CPU.Build.0 = Release|Any CPU
		{C3D76C34-F2FB-4B34-8E1C-26D92EB24B2F}.Debug|Any CPU.ActiveCfg = Debug|Any CPU
		{C3D76C34-F2FB-4B34-8E1C-26D92EB24B2F}.Debug|Any CPU.Build.0 = Debug|Any CPU
		{C3D76C34-F2FB-4B34-8E1C-26D92EB24B2F}.Release|Any CPU.ActiveCfg = Release|Any CPU
		{C3D76C34-F2FB-4B34-8E1C-26D92EB24B2F}.Release|Any CPU.Build.0 = Release|Any CPU
	EndGlobalSection
	GlobalSection(SolutionProperties) = preSolution
		HideSolutionNode = FALSE
	EndGlobalSection
	GlobalSection(NestedProjects) = preSolution
		{3B044F6D-41CE-4B14-8031-193D03B16E83} = {6FF57E80-6712-4E3A-812A-4BE1D09285EB}
	EndGlobalSection
	GlobalSection(ExtensibilityGlobals) = postSolution
		SolutionGuid = {394695AE-5734-4F1A-96A2-774FEB7DF305}
	EndGlobalSection
EndGlobal
